// !$*UTF8*$!
{
	archiveVersion = 1;
	classes = {
	};
	objectVersion = 50;
	objects = {

/* Begin PBXBuildFile section */
		55781E8E233118650092820B /* MyListViewController.swift in Sources */ = {isa = PBXBuildFile; fileRef = 55781E8D233118650092820B /* MyListViewController.swift */; };
		55FB088B232FD321006B553C /* AppDelegate.swift in Sources */ = {isa = PBXBuildFile; fileRef = 55FB088A232FD321006B553C /* AppDelegate.swift */; };
		55FB0890232FD321006B553C /* Main.storyboard in Resources */ = {isa = PBXBuildFile; fileRef = 55FB088E232FD321006B553C /* Main.storyboard */; };
		55FB0892232FD323006B553C /* Assets.xcassets in Resources */ = {isa = PBXBuildFile; fileRef = 55FB0891232FD323006B553C /* Assets.xcassets */; };
		55FB0895232FD323006B553C /* LaunchScreen.storyboard in Resources */ = {isa = PBXBuildFile; fileRef = 55FB0893232FD323006B553C /* LaunchScreen.storyboard */; };
		55FB089E233113DD006B553C /* Game.swift in Sources */ = {isa = PBXBuildFile; fileRef = 55FB089D233113DD006B553C /* Game.swift */; };
		55FB08A023312431006B553C /* MyListTableViewCell.swift in Sources */ = {isa = PBXBuildFile; fileRef = 55FB089F23312431006B553C /* MyListTableViewCell.swift */; };
		55FB08A223324B2F006B553C /* SearchViewController.swift in Sources */ = {isa = PBXBuildFile; fileRef = 55FB08A123324B2F006B553C /* SearchViewController.swift */; };
		55FB08A523324F9E006B553C /* GamesFetch.swift in Sources */ = {isa = PBXBuildFile; fileRef = 55FB08A423324F9E006B553C /* GamesFetch.swift */; };
		55FB08A7233258CB006B553C /* IGDBList.swift in Sources */ = {isa = PBXBuildFile; fileRef = 55FB08A6233258CB006B553C /* IGDBList.swift */; };
		55FB08A9233275D4006B553C /* GameListAdapter.swift in Sources */ = {isa = PBXBuildFile; fileRef = 55FB08A8233275D4006B553C /* GameListAdapter.swift */; };
/* End PBXBuildFile section */

/* Begin PBXFileReference section */
		55781E8D233118650092820B /* MyListViewController.swift */ = {isa = PBXFileReference; lastKnownFileType = sourcecode.swift; path = MyListViewController.swift; sourceTree = "<group>"; };
		55FB0887232FD321006B553C /* MyGameRanking.app */ = {isa = PBXFileReference; explicitFileType = wrapper.application; includeInIndex = 0; path = MyGameRanking.app; sourceTree = BUILT_PRODUCTS_DIR; };
		55FB088A232FD321006B553C /* AppDelegate.swift */ = {isa = PBXFileReference; lastKnownFileType = sourcecode.swift; path = AppDelegate.swift; sourceTree = "<group>"; };
		55FB088F232FD321006B553C /* Base */ = {isa = PBXFileReference; lastKnownFileType = file.storyboard; name = Base; path = Base.lproj/Main.storyboard; sourceTree = "<group>"; };
		55FB0891232FD323006B553C /* Assets.xcassets */ = {isa = PBXFileReference; lastKnownFileType = folder.assetcatalog; path = Assets.xcassets; sourceTree = "<group>"; };
		55FB0894232FD323006B553C /* Base */ = {isa = PBXFileReference; lastKnownFileType = file.storyboard; name = Base; path = Base.lproj/LaunchScreen.storyboard; sourceTree = "<group>"; };
		55FB0896232FD323006B553C /* Info.plist */ = {isa = PBXFileReference; lastKnownFileType = text.plist.xml; path = Info.plist; sourceTree = "<group>"; };
		55FB089D233113DD006B553C /* Game.swift */ = {isa = PBXFileReference; lastKnownFileType = sourcecode.swift; path = Game.swift; sourceTree = "<group>"; };
		55FB089F23312431006B553C /* MyListTableViewCell.swift */ = {isa = PBXFileReference; lastKnownFileType = sourcecode.swift; path = MyListTableViewCell.swift; sourceTree = "<group>"; };
		55FB08A123324B2F006B553C /* SearchViewController.swift */ = {isa = PBXFileReference; lastKnownFileType = sourcecode.swift; path = SearchViewController.swift; sourceTree = "<group>"; };
		55FB08A423324F9E006B553C /* GamesFetch.swift */ = {isa = PBXFileReference; lastKnownFileType = sourcecode.swift; path = GamesFetch.swift; sourceTree = "<group>"; };
		55FB08A6233258CB006B553C /* IGDBList.swift */ = {isa = PBXFileReference; lastKnownFileType = sourcecode.swift; path = IGDBList.swift; sourceTree = "<group>"; };
		55FB08A8233275D4006B553C /* GameListAdapter.swift */ = {isa = PBXFileReference; lastKnownFileType = sourcecode.swift; path = GameListAdapter.swift; sourceTree = "<group>"; };
/* End PBXFileReference section */

/* Begin PBXFrameworksBuildPhase section */
		55FB0884232FD321006B553C /* Frameworks */ = {
			isa = PBXFrameworksBuildPhase;
			buildActionMask = 2147483647;
			files = (
			);
			runOnlyForDeploymentPostprocessing = 0;
		};
/* End PBXFrameworksBuildPhase section */

/* Begin PBXGroup section */
		55781E8C2331161C0092820B /* Controllers */ = {
			isa = PBXGroup;
			children = (
				55781E8D233118650092820B /* MyListViewController.swift */,
				55FB089F23312431006B553C /* MyListTableViewCell.swift */,
				55FB08A123324B2F006B553C /* SearchViewController.swift */,
			);
			path = Controllers;
			sourceTree = "<group>";
		};
		55FB087E232FD321006B553C = {
			isa = PBXGroup;
			children = (
				55FB0889232FD321006B553C /* MyGameRanking */,
				55FB0888232FD321006B553C /* Products */,
			);
			sourceTree = "<group>";
		};
		55FB0888232FD321006B553C /* Products */ = {
			isa = PBXGroup;
			children = (
				55FB0887232FD321006B553C /* MyGameRanking.app */,
			);
			name = Products;
			sourceTree = "<group>";
		};
		55FB0889232FD321006B553C /* MyGameRanking */ = {
			isa = PBXGroup;
			children = (
				55FB08A323324F57006B553C /* Services */,
				55FB089C233113BB006B553C /* Models */,
				55781E8C2331161C0092820B /* Controllers */,
				55FB088A232FD321006B553C /* AppDelegate.swift */,
				55FB088E232FD321006B553C /* Main.storyboard */,
				55FB0891232FD323006B553C /* Assets.xcassets */,
				55FB0893232FD323006B553C /* LaunchScreen.storyboard */,
				55FB0896232FD323006B553C /* Info.plist */,
			);
			path = MyGameRanking;
			sourceTree = "<group>";
		};
		55FB089C233113BB006B553C /* Models */ = {
			isa = PBXGroup;
			children = (
				55FB089D233113DD006B553C /* Game.swift */,
				55FB08A6233258CB006B553C /* IGDBList.swift */,
				55FB08A8233275D4006B553C /* GameListAdapter.swift */,
			);
			path = Models;
			sourceTree = "<group>";
		};
		55FB08A323324F57006B553C /* Services */ = {
			isa = PBXGroup;
			children = (
				55FB08A423324F9E006B553C /* GamesFetch.swift */,
			);
			path = Services;
			sourceTree = "<group>";
		};
/* End PBXGroup section */

/* Begin PBXNativeTarget section */
		55FB0886232FD321006B553C /* MyGameRanking */ = {
			isa = PBXNativeTarget;
			buildConfigurationList = 55FB0899232FD323006B553C /* Build configuration list for PBXNativeTarget "MyGameRanking" */;
			buildPhases = (
				55FB0883232FD321006B553C /* Sources */,
				55FB0884232FD321006B553C /* Frameworks */,
				55FB0885232FD321006B553C /* Resources */,
			);
			buildRules = (
			);
			dependencies = (
			);
			name = MyGameRanking;
			productName = MyGameRanking;
			productReference = 55FB0887232FD321006B553C /* MyGameRanking.app */;
			productType = "com.apple.product-type.application";
		};
/* End PBXNativeTarget section */

/* Begin PBXProject section */
		55FB087F232FD321006B553C /* Project object */ = {
			isa = PBXProject;
			attributes = {
				LastSwiftUpdateCheck = 1030;
				LastUpgradeCheck = 1030;
				ORGANIZATIONNAME = "Aluno Mack";
				TargetAttributes = {
					55FB0886232FD321006B553C = {
						CreatedOnToolsVersion = 10.3;
					};
				};
			};
			buildConfigurationList = 55FB0882232FD321006B553C /* Build configuration list for PBXProject "MyGameRanking" */;
			compatibilityVersion = "Xcode 9.3";
			developmentRegion = en;
			hasScannedForEncodings = 0;
			knownRegions = (
				en,
				Base,
			);
			mainGroup = 55FB087E232FD321006B553C;
			productRefGroup = 55FB0888232FD321006B553C /* Products */;
			projectDirPath = "";
			projectRoot = "";
			targets = (
				55FB0886232FD321006B553C /* MyGameRanking */,
			);
		};
/* End PBXProject section */

/* Begin PBXResourcesBuildPhase section */
		55FB0885232FD321006B553C /* Resources */ = {
			isa = PBXResourcesBuildPhase;
			buildActionMask = 2147483647;
			files = (
				55FB0895232FD323006B553C /* LaunchScreen.storyboard in Resources */,
				55FB0892232FD323006B553C /* Assets.xcassets in Resources */,
				55FB0890232FD321006B553C /* Main.storyboard in Resources */,
			);
			runOnlyForDeploymentPostprocessing = 0;
		};
/* End PBXResourcesBuildPhase section */

/* Begin PBXSourcesBuildPhase section */
		55FB0883232FD321006B553C /* Sources */ = {
			isa = PBXSourcesBuildPhase;
			buildActionMask = 2147483647;
			files = (
				55FB08A223324B2F006B553C /* SearchViewController.swift in Sources */,
				55FB089E233113DD006B553C /* Game.swift in Sources */,
				55FB08A7233258CB006B553C /* IGDBList.swift in Sources */,
				55FB08A523324F9E006B553C /* GamesFetch.swift in Sources */,
				55FB08A023312431006B553C /* MyListTableViewCell.swift in Sources */,
				55781E8E233118650092820B /* MyListViewController.swift in Sources */,
				55FB088B232FD321006B553C /* AppDelegate.swift in Sources */,
				55FB08A9233275D4006B553C /* GameListAdapter.swift in Sources */,
			);
			runOnlyForDeploymentPostprocessing = 0;
		};
/* End PBXSourcesBuildPhase section */

/* Begin PBXVariantGroup section */
		55FB088E232FD321006B553C /* Main.storyboard */ = {
			isa = PBXVariantGroup;
			children = (
				55FB088F232FD321006B553C /* Base */,
			);
			name = Main.storyboard;
			sourceTree = "<group>";
		};
		55FB0893232FD323006B553C /* LaunchScreen.storyboard */ = {
			isa = PBXVariantGroup;
			children = (
				55FB0894232FD323006B553C /* Base */,
			);
			name = LaunchScreen.storyboard;
			sourceTree = "<group>";
		};
/* End PBXVariantGroup section */

/* Begin XCBuildConfiguration section */
		55FB0897232FD323006B553C /* Debug */ = {
			isa = XCBuildConfiguration;
			buildSettings = {
				ALWAYS_SEARCH_USER_PATHS = NO;
				CLANG_ANALYZER_NONNULL = YES;
				CLANG_ANALYZER_NUMBER_OBJECT_CONVERSION = YES_AGGRESSIVE;
				CLANG_CXX_LANGUAGE_STANDARD = "gnu++14";
				CLANG_CXX_LIBRARY = "libc++";
				CLANG_ENABLE_MODULES = YES;
				CLANG_ENABLE_OBJC_ARC = YES;
				CLANG_ENABLE_OBJC_WEAK = YES;
				CLANG_WARN_BLOCK_CAPTURE_AUTORELEASING = YES;
				CLANG_WARN_BOOL_CONVERSION = YES;
				CLANG_WARN_COMMA = YES;
				CLANG_WARN_CONSTANT_CONVERSION = YES;
				CLANG_WARN_DEPRECATED_OBJC_IMPLEMENTATIONS = YES;
				CLANG_WARN_DIRECT_OBJC_ISA_USAGE = YES_ERROR;
				CLANG_WARN_DOCUMENTATION_COMMENTS = YES;
				CLANG_WARN_EMPTY_BODY = YES;
				CLANG_WARN_ENUM_CONVERSION = YES;
				CLANG_WARN_INFINITE_RECURSION = YES;
				CLANG_WARN_INT_CONVERSION = YES;
				CLANG_WARN_NON_LITERAL_NULL_CONVERSION = YES;
				CLANG_WARN_OBJC_IMPLICIT_RETAIN_SELF = YES;
				CLANG_WARN_OBJC_LITERAL_CONVERSION = YES;
				CLANG_WARN_OBJC_ROOT_CLASS = YES_ERROR;
				CLANG_WARN_RANGE_LOOP_ANALYSIS = YES;
				CLANG_WARN_STRICT_PROTOTYPES = YES;
				CLANG_WARN_SUSPICIOUS_MOVE = YES;
				CLANG_WARN_UNGUARDED_AVAILABILITY = YES_AGGRESSIVE;
				CLANG_WARN_UNREACHABLE_CODE = YES;
				CLANG_WARN__DUPLICATE_METHOD_MATCH = YES;
				CODE_SIGN_IDENTITY = "iPhone Developer";
				COPY_PHASE_STRIP = NO;
				DEBUG_INFORMATION_FORMAT = dwarf;
				ENABLE_STRICT_OBJC_MSGSEND = YES;
				ENABLE_TESTABILITY = YES;
				GCC_C_LANGUAGE_STANDARD = gnu11;
				GCC_DYNAMIC_NO_PIC = NO;
				GCC_NO_COMMON_BLOCKS = YES;
				GCC_OPTIMIZATION_LEVEL = 0;
				GCC_PREPROCESSOR_DEFINITIONS = (
					"DEBUG=1",
					"$(inherited)",
				);
				GCC_WARN_64_TO_32_BIT_CONVERSION = YES;
				GCC_WARN_ABOUT_RETURN_TYPE = YES_ERROR;
				GCC_WARN_UNDECLARED_SELECTOR = YES;
				GCC_WARN_UNINITIALIZED_AUTOS = YES_AGGRESSIVE;
				GCC_WARN_UNUSED_FUNCTION = YES;
				GCC_WARN_UNUSED_VARIABLE = YES;
				IPHONEOS_DEPLOYMENT_TARGET = 12.4;
				MTL_ENABLE_DEBUG_INFO = INCLUDE_SOURCE;
				MTL_FAST_MATH = YES;
				ONLY_ACTIVE_ARCH = YES;
				SDKROOT = iphoneos;
				SWIFT_ACTIVE_COMPILATION_CONDITIONS = DEBUG;
				SWIFT_OPTIMIZATION_LEVEL = "-Onone";
			};
			name = Debug;
		};
		55FB0898232FD323006B553C /* Release */ = {
			isa = XCBuildConfiguration;
			buildSettings = {
				ALWAYS_SEARCH_USER_PATHS = NO;
				CLANG_ANALYZER_NONNULL = YES;
				CLANG_ANALYZER_NUMBER_OBJECT_CONVERSION = YES_AGGRESSIVE;
				CLANG_CXX_LANGUAGE_STANDARD = "gnu++14";
				CLANG_CXX_LIBRARY = "libc++";
				CLANG_ENABLE_MODULES = YES;
				CLANG_ENABLE_OBJC_ARC = YES;
				CLANG_ENABLE_OBJC_WEAK = YES;
				CLANG_WARN_BLOCK_CAPTURE_AUTORELEASING = YES;
				CLANG_WARN_BOOL_CONVERSION = YES;
				CLANG_WARN_COMMA = YES;
				CLANG_WARN_CONSTANT_CONVERSION = YES;
				CLANG_WARN_DEPRECATED_OBJC_IMPLEMENTATIONS = YES;
				CLANG_WARN_DIRECT_OBJC_ISA_USAGE = YES_ERROR;
				CLANG_WARN_DOCUMENTATION_COMMENTS = YES;
				CLANG_WARN_EMPTY_BODY = YES;
				CLANG_WARN_ENUM_CONVERSION = YES;
				CLANG_WARN_INFINITE_RECURSION = YES;
				CLANG_WARN_INT_CONVERSION = YES;
				CLANG_WARN_NON_LITERAL_NULL_CONVERSION = YES;
				CLANG_WARN_OBJC_IMPLICIT_RETAIN_SELF = YES;
				CLANG_WARN_OBJC_LITERAL_CONVERSION = YES;
				CLANG_WARN_OBJC_ROOT_CLASS = YES_ERROR;
				CLANG_WARN_RANGE_LOOP_ANALYSIS = YES;
				CLANG_WARN_STRICT_PROTOTYPES = YES;
				CLANG_WARN_SUSPICIOUS_MOVE = YES;
				CLANG_WARN_UNGUARDED_AVAILABILITY = YES_AGGRESSIVE;
				CLANG_WARN_UNREACHABLE_CODE = YES;
				CLANG_WARN__DUPLICATE_METHOD_MATCH = YES;
				CODE_SIGN_IDENTITY = "iPhone Developer";
				COPY_PHASE_STRIP = NO;
				DEBUG_INFORMATION_FORMAT = "dwarf-with-dsym";
				ENABLE_NS_ASSERTIONS = NO;
				ENABLE_STRICT_OBJC_MSGSEND = YES;
				GCC_C_LANGUAGE_STANDARD = gnu11;
				GCC_NO_COMMON_BLOCKS = YES;
				GCC_WARN_64_TO_32_BIT_CONVERSION = YES;
				GCC_WARN_ABOUT_RETURN_TYPE = YES_ERROR;
				GCC_WARN_UNDECLARED_SELECTOR = YES;
				GCC_WARN_UNINITIALIZED_AUTOS = YES_AGGRESSIVE;
				GCC_WARN_UNUSED_FUNCTION = YES;
				GCC_WARN_UNUSED_VARIABLE = YES;
				IPHONEOS_DEPLOYMENT_TARGET = 12.4;
				MTL_ENABLE_DEBUG_INFO = NO;
				MTL_FAST_MATH = YES;
				SDKROOT = iphoneos;
				SWIFT_COMPILATION_MODE = wholemodule;
				SWIFT_OPTIMIZATION_LEVEL = "-O";
				VALIDATE_PRODUCT = YES;
			};
			name = Release;
		};
		55FB089A232FD323006B553C /* Debug */ = {
			isa = XCBuildConfiguration;
			buildSettings = {
				ASSETCATALOG_COMPILER_APPICON_NAME = AppIcon;
				CODE_SIGN_STYLE = Automatic;
				INFOPLIST_FILE = MyGameRanking/Info.plist;
				LD_RUNPATH_SEARCH_PATHS = (
					"$(inherited)",
					"@executable_path/Frameworks",
				);
				PRODUCT_BUNDLE_IDENTIFIER = br.com.foundations.MyGameRanking;
				PRODUCT_NAME = "$(TARGET_NAME)";
				SWIFT_VERSION = 5.0;
				TARGETED_DEVICE_FAMILY = "1,2";
			};
			name = Debug;
		};
		55FB089B232FD323006B553C /* Release */ = {
			isa = XCBuildConfiguration;
			buildSettings = {
				ASSETCATALOG_COMPILER_APPICON_NAME = AppIcon;
				CODE_SIGN_STYLE = Automatic;
				INFOPLIST_FILE = MyGameRanking/Info.plist;
				LD_RUNPATH_SEARCH_PATHS = (
					"$(inherited)",
					"@executable_path/Frameworks",
				);
				PRODUCT_BUNDLE_IDENTIFIER = br.com.foundations.MyGameRanking;
				PRODUCT_NAME = "$(TARGET_NAME)";
				SWIFT_VERSION = 5.0;
				TARGETED_DEVICE_FAMILY = "1,2";
			};
			name = Release;
		};
/* End XCBuildConfiguration section */

/* Begin XCConfigurationList section */
		55FB0882232FD321006B553C /* Build configuration list for PBXProject "MyGameRanking" */ = {
			isa = XCConfigurationList;
			buildConfigurations = (
				55FB0897232FD323006B553C /* Debug */,
				55FB0898232FD323006B553C /* Release */,
			);
			defaultConfigurationIsVisible = 0;
			defaultConfigurationName = Release;
		};
		55FB0899232FD323006B553C /* Build configuration list for PBXNativeTarget "MyGameRanking" */ = {
			isa = XCConfigurationList;
			buildConfigurations = (
				55FB089A232FD323006B553C /* Debug */,
				55FB089B232FD323006B553C /* Release */,
			);
			defaultConfigurationIsVisible = 0;
			defaultConfigurationName = Release;
		};
/* End XCConfigurationList section */
	};
	rootObject = 55FB087F232FD321006B553C /* Project object */;
}
